
Microsoft Visual Studio Solution File, Format Version 12.00
# Visual Studio Version 17
VisualStudioVersion = 17.4.33213.308
MinimumVisualStudioVersion = 10.0.40219.1
Project("{FAE04EC0-301F-11D3-BF4B-00C04F79EFBC}") = "TodoList.Server", "TodoList\Server\TodoList.Server.csproj", "{5EF408B4-C1A6-42C9-B567-8C96C70FF4BC}"
EndProject
Project("{FAE04EC0-301F-11D3-BF4B-00C04F79EFBC}") = "TodoList.Client", "TodoList\Client\TodoList.Client.csproj", "{0DCBDEAF-489F-48C6-A95F-A4A0553D6032}"
EndProject
Project("{FAE04EC0-301F-11D3-BF4B-00C04F79EFBC}") = "TodoList.Shared", "TodoList\Shared\TodoList.Shared.csproj", "{FF20FE44-9790-4EEC-8FDC-3AD6BE9E31EF}"
EndProject
Global
	GlobalSection(SolutionConfigurationPlatforms) = preSolution
		Debug|Any CPU = Debug|Any CPU
		Release|Any CPU = Release|Any CPU
	EndGlobalSection
	GlobalSection(ProjectConfigurationPlatforms) = postSolution
		{5EF408B4-C1A6-42C9-B567-8C96C70FF4BC}.Debug|Any CPU.ActiveCfg = Debug|Any CPU
		{5EF408B4-C1A6-42C9-B567-8C96C70FF4BC}.Debug|Any CPU.Build.0 = Debug|Any CPU
		{5EF408B4-C1A6-42C9-B567-8C96C70FF4BC}.Release|Any CPU.ActiveCfg = Release|Any CPU
		{5EF408B4-C1A6-42C9-B567-8C96C70FF4BC}.Release|Any CPU.Build.0 = Release|Any CPU
		{0DCBDEAF-489F-48C6-A95F-A4A0553D6032}.Debug|Any CPU.ActiveCfg = Debug|Any CPU
		{0DCBDEAF-489F-48C6-A95F-A4A0553D6032}.Debug|Any CPU.Build.0 = Debug|Any CPU
		{0DCBDEAF-489F-48C6-A95F-A4A0553D6032}.Release|Any CPU.ActiveCfg = Release|Any CPU
		{0DCBDEAF-489F-48C6-A95F-A4A0553D6032}.Release|Any CPU.Build.0 = Release|Any CPU
		{FF20FE44-9790-4EEC-8FDC-3AD6BE9E31EF}.Debug|Any CPU.ActiveCfg = Debug|Any CPU
		{FF20FE44-9790-4EEC-8FDC-3AD6BE9E31EF}.Debug|Any CPU.Build.0 = Debug|Any CPU
		{FF20FE44-9790-4EEC-8FDC-3AD6BE9E31EF}.Release|Any CPU.ActiveCfg = Release|Any CPU
		{FF20FE44-9790-4EEC-8FDC-3AD6BE9E31EF}.Release|Any CPU.Build.0 = Release|Any CPU
	EndGlobalSection
	GlobalSection(SolutionProperties) = preSolution
		HideSolutionNode = FALSE
	EndGlobalSection
	GlobalSection(ExtensibilityGlobals) = postSolution
		SolutionGuid = {39E9003D-42B3-4586-9D78-943DA4914339}
	EndGlobalSection
EndGlobal
